
Microsoft Visual Studio Solution File, Format Version 12.00
# Visual Studio Version 17
VisualStudioVersion = 17.9.34622.214
MinimumVisualStudioVersion = 10.0.40219.1
Project("{FAE04EC0-301F-11D3-BF4B-00C04F79EFBC}") = "IzpitvaneList", "IzpitvaneList\IzpitvaneList.csproj", "{639BE939-A6B4-4C5B-9183-A1D61B7CA59E}"
EndProject
Global
	GlobalSection(SolutionConfigurationPlatforms) = preSolution
		Debug|Any CPU = Debug|Any CPU
		Release|Any CPU = Release|Any CPU
	EndGlobalSection
	GlobalSection(ProjectConfigurationPlatforms) = postSolution
		{639BE939-A6B4-4C5B-9183-A1D61B7CA59E}.Debug|Any CPU.ActiveCfg = Debug|Any CPU
		{639BE939-A6B4-4C5B-9183-A1D61B7CA59E}.Debug|Any CPU.Build.0 = Debug|Any CPU
		{639BE939-A6B4-4C5B-9183-A1D61B7CA59E}.Release|Any CPU.ActiveCfg = Release|Any CPU
		{639BE939-A6B4-4C5B-9183-A1D61B7CA59E}.Release|Any CPU.Build.0 = Release|Any CPU
	EndGlobalSection
	GlobalSection(SolutionProperties) = preSolution
		HideSolutionNode = FALSE
	EndGlobalSection
	GlobalSection(ExtensibilityGlobals) = postSolution
		SolutionGuid = {D39A6FB2-A3B5-478A-9A90-9819C24FF5EC}
	EndGlobalSection
EndGlobal
